<?xml version="1.0" encoding="utf-8"?>
<Project ToolsVersion="4.0" xmlns="http://schemas.microsoft.com/developer/msbuild/2003">
  <ItemGroup>
    <ClCompile Include="Game\Game.cpp" />
    <ClCompile Include="Scene\Clear.cpp" />
    <ClCompile Include="Scene\Main.cpp" />
    <ClCompile Include="Scene\Over.cpp" />
    <ClCompile Include="Scene\Title.cpp" />
    <ClCompile Include="Main.cpp">
      <Filter>ソース</Filter>
    </ClCompile>
  </ItemGroup>
  <ItemGroup>
    <ClInclude Include="Scene\Clear.h" />
    <ClInclude Include="Scene\Main.h" />
    <ClInclude Include="Scene\Over.h" />
    <ClInclude Include="Scene\Scene.h" />
    <ClInclude Include="Scene\Title.h" />
    <ClInclude Include="Game\Game.h" />
  </ItemGroup>
  <ItemGroup>
    <Filter Include="ソース">
      <UniqueIdentifier>{2c683203-9047-4c53-865f-f104437b2feb}</UniqueIdentifier>
    </Filter>
    <Filter Include="ヘッダー">
      <UniqueIdentifier>{96c7d442-b1dc-4527-ac8e-4bfd61b910c5}</UniqueIdentifier>
    </Filter>
  </ItemGroup>
</Project>